
Microsoft Visual Studio Solution File, Format Version 12.00
# Visual Studio Version 16
VisualStudioVersion = 16.0.29728.190
MinimumVisualStudioVersion = 10.0.40219.1
Project("{8BC9CEB8-8B4A-11D0-8D11-00A0C91BC942}") = "myswap", "myswap\myswap.vcxproj", "{4062AD73-65DB-4E5F-B925-6BFDBB75EBC0}"
EndProject
Project("{8BC9CEB8-8B4A-11D0-8D11-00A0C91BC942}") = "bigger", "bigger\bigger.vcxproj", "{2A493D96-D07C-4AE7-A1A9-BECBED2F7D44}"
EndProject
Project("{8BC9CEB8-8B4A-11D0-8D11-00A0C91BC942}") = "add", "add\add.vcxproj", "{1A856072-7AE5-4F7F-8B90-3DFC2FB48FEC}"
EndProject
Project("{8BC9CEB8-8B4A-11D0-8D11-00A0C91BC942}") = "print", "print\print.vcxproj", "{F262F2D6-AD18-4A47-9AAB-CCC7886EC22F}"
EndProject
Project("{8BC9CEB8-8B4A-11D0-8D11-00A0C91BC942}") = "stack", "stack\stack.vcxproj", "{896AC62E-2079-45EB-B124-9236FC1BE262}"
EndProject
Project("{8BC9CEB8-8B4A-11D0-8D11-00A0C91BC942}") = "MyVector", "MyVector\MyVector.vcxproj", "{2957C171-4D09-45D1-9225-5B8E0C6980A5}"
EndProject
Project("{8BC9CEB8-8B4A-11D0-8D11-00A0C91BC942}") = "MyVector2", "MyVector2\MyVector2.vcxproj", "{B8D40A4A-87AE-4864-AA2D-03BCB54C8D51}"
EndProject
Project("{8BC9CEB8-8B4A-11D0-8D11-00A0C91BC942}") = "MyVector3", "MyVector3\MyVector3.vcxproj", "{62774FA1-6095-448C-B869-CA9A8FF1AE1E}"
EndProject
Project("{8BC9CEB8-8B4A-11D0-8D11-00A0C91BC942}") = "num15", "num15\num15.vcxproj", "{37CFA8BD-B352-4CFA-A9C7-F8F9ED1BC4E2}"
EndProject
Project("{8BC9CEB8-8B4A-11D0-8D11-00A0C91BC942}") = "NUM16", "NUM16\NUM16.vcxproj", "{B7D299D3-25DD-427D-A782-28755C32ACE6}"
EndProject
Global
	GlobalSection(SolutionConfigurationPlatforms) = preSolution
		Debug|x64 = Debug|x64
		Debug|x86 = Debug|x86
		Release|x64 = Release|x64
		Release|x86 = Release|x86
	EndGlobalSection
	GlobalSection(ProjectConfigurationPlatforms) = postSolution
		{4062AD73-65DB-4E5F-B925-6BFDBB75EBC0}.Debug|x64.ActiveCfg = Debug|x64
		{4062AD73-65DB-4E5F-B925-6BFDBB75EBC0}.Debug|x64.Build.0 = Debug|x64
		{4062AD73-65DB-4E5F-B925-6BFDBB75EBC0}.Debug|x86.ActiveCfg = Debug|Win32
		{4062AD73-65DB-4E5F-B925-6BFDBB75EBC0}.Debug|x86.Build.0 = Debug|Win32
		{4062AD73-65DB-4E5F-B925-6BFDBB75EBC0}.Release|x64.ActiveCfg = Release|x64
		{4062AD73-65DB-4E5F-B925-6BFDBB75EBC0}.Release|x64.Build.0 = Release|x64
		{4062AD73-65DB-4E5F-B925-6BFDBB75EBC0}.Release|x86.ActiveCfg = Release|Win32
		{4062AD73-65DB-4E5F-B925-6BFDBB75EBC0}.Release|x86.Build.0 = Release|Win32
		{2A493D96-D07C-4AE7-A1A9-BECBED2F7D44}.Debug|x64.ActiveCfg = Debug|x64
		{2A493D96-D07C-4AE7-A1A9-BECBED2F7D44}.Debug|x64.Build.0 = Debug|x64
		{2A493D96-D07C-4AE7-A1A9-BECBED2F7D44}.Debug|x86.ActiveCfg = Debug|Win32
		{2A493D96-D07C-4AE7-A1A9-BECBED2F7D44}.Debug|x86.Build.0 = Debug|Win32
		{2A493D96-D07C-4AE7-A1A9-BECBED2F7D44}.Release|x64.ActiveCfg = Release|x64
		{2A493D96-D07C-4AE7-A1A9-BECBED2F7D44}.Release|x64.Build.0 = Release|x64
		{2A493D96-D07C-4AE7-A1A9-BECBED2F7D44}.Release|x86.ActiveCfg = Release|Win32
		{2A493D96-D07C-4AE7-A1A9-BECBED2F7D44}.Release|x86.Build.0 = Release|Win32
		{1A856072-7AE5-4F7F-8B90-3DFC2FB48FEC}.Debug|x64.ActiveCfg = Debug|x64
		{1A856072-7AE5-4F7F-8B90-3DFC2FB48FEC}.Debug|x64.Build.0 = Debug|x64
		{1A856072-7AE5-4F7F-8B90-3DFC2FB48FEC}.Debug|x86.ActiveCfg = Debug|Win32
		{1A856072-7AE5-4F7F-8B90-3DFC2FB48FEC}.Debug|x86.Build.0 = Debug|Win32
		{1A856072-7AE5-4F7F-8B90-3DFC2FB48FEC}.Release|x64.ActiveCfg = Release|x64
		{1A856072-7AE5-4F7F-8B90-3DFC2FB48FEC}.Release|x64.Build.0 = Release|x64
		{1A856072-7AE5-4F7F-8B90-3DFC2FB48FEC}.Release|x86.ActiveCfg = Release|Win32
		{1A856072-7AE5-4F7F-8B90-3DFC2FB48FEC}.Release|x86.Build.0 = Release|Win32
		{F262F2D6-AD18-4A47-9AAB-CCC7886EC22F}.Debug|x64.ActiveCfg = Debug|x64
		{F262F2D6-AD18-4A47-9AAB-CCC7886EC22F}.Debug|x64.Build.0 = Debug|x64
		{F262F2D6-AD18-4A47-9AAB-CCC7886EC22F}.Debug|x86.ActiveCfg = Debug|Win32
		{F262F2D6-AD18-4A47-9AAB-CCC7886EC22F}.Debug|x86.Build.0 = Debug|Win32
		{F262F2D6-AD18-4A47-9AAB-CCC7886EC22F}.Release|x64.ActiveCfg = Release|x64
		{F262F2D6-AD18-4A47-9AAB-CCC7886EC22F}.Release|x64.Build.0 = Release|x64
		{F262F2D6-AD18-4A47-9AAB-CCC7886EC22F}.Release|x86.ActiveCfg = Release|Win32
		{F262F2D6-AD18-4A47-9AAB-CCC7886EC22F}.Release|x86.Build.0 = Release|Win32
		{896AC62E-2079-45EB-B124-9236FC1BE262}.Debug|x64.ActiveCfg = Debug|x64
		{896AC62E-2079-45EB-B124-9236FC1BE262}.Debug|x64.Build.0 = Debug|x64
		{896AC62E-2079-45EB-B124-9236FC1BE262}.Debug|x86.ActiveCfg = Debug|Win32
		{896AC62E-2079-45EB-B124-9236FC1BE262}.Debug|x86.Build.0 = Debug|Win32
		{896AC62E-2079-45EB-B124-9236FC1BE262}.Release|x64.ActiveCfg = Release|x64
		{896AC62E-2079-45EB-B124-9236FC1BE262}.Release|x64.Build.0 = Release|x64
		{896AC62E-2079-45EB-B124-9236FC1BE262}.Release|x86.ActiveCfg = Release|Win32
		{896AC62E-2079-45EB-B124-9236FC1BE262}.Release|x86.Build.0 = Release|Win32
		{2957C171-4D09-45D1-9225-5B8E0C6980A5}.Debug|x64.ActiveCfg = Debug|x64
		{2957C171-4D09-45D1-9225-5B8E0C6980A5}.Debug|x64.Build.0 = Debug|x64
		{2957C171-4D09-45D1-9225-5B8E0C6980A5}.Debug|x86.ActiveCfg = Debug|Win32
		{2957C171-4D09-45D1-9225-5B8E0C6980A5}.Debug|x86.Build.0 = Debug|Win32
		{2957C171-4D09-45D1-9225-5B8E0C6980A5}.Release|x64.ActiveCfg = Release|x64
		{2957C171-4D09-45D1-9225-5B8E0C6980A5}.Release|x64.Build.0 = Release|x64
		{2957C171-4D09-45D1-9225-5B8E0C6980A5}.Release|x86.ActiveCfg = Release|Win32
		{2957C171-4D09-45D1-9225-5B8E0C6980A5}.Release|x86.Build.0 = Release|Win32
		{B8D40A4A-87AE-4864-AA2D-03BCB54C8D51}.Debug|x64.ActiveCfg = Debug|x64
		{B8D40A4A-87AE-4864-AA2D-03BCB54C8D51}.Debug|x64.Build.0 = Debug|x64
		{B8D40A4A-87AE-4864-AA2D-03BCB54C8D51}.Debug|x86.ActiveCfg = Debug|Win32
		{B8D40A4A-87AE-4864-AA2D-03BCB54C8D51}.Debug|x86.Build.0 = Debug|Win32
		{B8D40A4A-87AE-4864-AA2D-03BCB54C8D51}.Release|x64.ActiveCfg = Release|x64
		{B8D40A4A-87AE-4864-AA2D-03BCB54C8D51}.Release|x64.Build.0 = Release|x64
		{B8D40A4A-87AE-4864-AA2D-03BCB54C8D51}.Release|x86.ActiveCfg = Release|Win32
		{B8D40A4A-87AE-4864-AA2D-03BCB54C8D51}.Release|x86.Build.0 = Release|Win32
		{62774FA1-6095-448C-B869-CA9A8FF1AE1E}.Debug|x64.ActiveCfg = Debug|x64
		{62774FA1-6095-448C-B869-CA9A8FF1AE1E}.Debug|x64.Build.0 = Debug|x64
		{62774FA1-6095-448C-B869-CA9A8FF1AE1E}.Debug|x86.ActiveCfg = Debug|Win32
		{62774FA1-6095-448C-B869-CA9A8FF1AE1E}.Debug|x86.Build.0 = Debug|Win32
		{62774FA1-6095-448C-B869-CA9A8FF1AE1E}.Release|x64.ActiveCfg = Release|x64
		{62774FA1-6095-448C-B869-CA9A8FF1AE1E}.Release|x64.Build.0 = Release|x64
		{62774FA1-6095-448C-B869-CA9A8FF1AE1E}.Release|x86.ActiveCfg = Release|Win32
		{62774FA1-6095-448C-B869-CA9A8FF1AE1E}.Release|x86.Build.0 = Release|Win32
		{37CFA8BD-B352-4CFA-A9C7-F8F9ED1BC4E2}.Debug|x64.ActiveCfg = Debug|x64
		{37CFA8BD-B352-4CFA-A9C7-F8F9ED1BC4E2}.Debug|x64.Build.0 = Debug|x64
		{37CFA8BD-B352-4CFA-A9C7-F8F9ED1BC4E2}.Debug|x86.ActiveCfg = Debug|Win32
		{37CFA8BD-B352-4CFA-A9C7-F8F9ED1BC4E2}.Debug|x86.Build.0 = Debug|Win32
		{37CFA8BD-B352-4CFA-A9C7-F8F9ED1BC4E2}.Release|x64.ActiveCfg = Release|x64
		{37CFA8BD-B352-4CFA-A9C7-F8F9ED1BC4E2}.Release|x64.Build.0 = Release|x64
		{37CFA8BD-B352-4CFA-A9C7-F8F9ED1BC4E2}.Release|x86.ActiveCfg = Release|Win32
		{37CFA8BD-B352-4CFA-A9C7-F8F9ED1BC4E2}.Release|x86.Build.0 = Release|Win32
		{B7D299D3-25DD-427D-A782-28755C32ACE6}.Debug|x64.ActiveCfg = Debug|x64
		{B7D299D3-25DD-427D-A782-28755C32ACE6}.Debug|x64.Build.0 = Debug|x64
		{B7D299D3-25DD-427D-A782-28755C32ACE6}.Debug|x86.ActiveCfg = Debug|Win32
		{B7D299D3-25DD-427D-A782-28755C32ACE6}.Debug|x86.Build.0 = Debug|Win32
		{B7D299D3-25DD-427D-A782-28755C32ACE6}.Release|x64.ActiveCfg = Release|x64
		{B7D299D3-25DD-427D-A782-28755C32ACE6}.Release|x64.Build.0 = Release|x64
		{B7D299D3-25DD-427D-A782-28755C32ACE6}.Release|x86.ActiveCfg = Release|Win32
		{B7D299D3-25DD-427D-A782-28755C32ACE6}.Release|x86.Build.0 = Release|Win32
	EndGlobalSection
	GlobalSection(SolutionProperties) = preSolution
		HideSolutionNode = FALSE
	EndGlobalSection
	GlobalSection(ExtensibilityGlobals) = postSolution
		SolutionGuid = {B25218F5-03D1-41DB-9B31-20826837DB83}
	EndGlobalSection
EndGlobal
