
Microsoft Visual Studio Solution File, Format Version 12.00
# Visual Studio Version 16
VisualStudioVersion = 16.0.29728.190
MinimumVisualStudioVersion = 10.0.40219.1
Project("{8BC9CEB8-8B4A-11D0-8D11-00A0C91BC942}") = "Rect7", "Rect7\Rect7.vcxproj", "{04A12159-8D1E-46D3-B70C-DAC581F027D3}"
EndProject
Project("{8BC9CEB8-8B4A-11D0-8D11-00A0C91BC942}") = "RectManager", "RectManager\RectManager.vcxproj", "{3F0C9030-5DDE-42BB-B56A-B176712325E4}"
EndProject
Project("{8BC9CEB8-8B4A-11D0-8D11-00A0C91BC942}") = "Power", "Power\Power.vcxproj", "{EC36DFD0-9672-4801-AE2E-C40AE816D7D0}"
EndProject
Project("{8BC9CEB8-8B4A-11D0-8D11-00A0C91BC942}") = "Average", "Average\Average.vcxproj", "{55A4132D-0813-4A24-8656-A5EB7EA34C33}"
EndProject
Project("{8BC9CEB8-8B4A-11D0-8D11-00A0C91BC942}") = "Member", "Member\Member.vcxproj", "{08DEB7A9-3D83-40C9-AA52-FFEC0FF9CC2A}"
EndProject
Project("{8BC9CEB8-8B4A-11D0-8D11-00A0C91BC942}") = "num1", "num1\num1.vcxproj", "{DC303331-09AB-4D7E-8ED7-56D0B0FD52D1}"
EndProject
Project("{8BC9CEB8-8B4A-11D0-8D11-00A0C91BC942}") = "num1(2)", "num1(2)\num1(2).vcxproj", "{CFF65B18-5537-4D8F-9975-08B5A3C88E46}"
EndProject
Project("{8BC9CEB8-8B4A-11D0-8D11-00A0C91BC942}") = "num2", "num2\num2.vcxproj", "{4BA584C0-5078-46DC-B055-19EF67F7DF0E}"
EndProject
Project("{8BC9CEB8-8B4A-11D0-8D11-00A0C91BC942}") = "num2(2)", "num2(2)\num2(2).vcxproj", "{973F5C70-09FE-4394-BA98-FF4E42E1D087}"
EndProject
Project("{8BC9CEB8-8B4A-11D0-8D11-00A0C91BC942}") = "num3", "num3\num3.vcxproj", "{5CD69FEF-374A-4067-A952-2BCE7426D40D}"
EndProject
Project("{8BC9CEB8-8B4A-11D0-8D11-00A0C91BC942}") = "num4", "num4\num4.vcxproj", "{F0BE24AB-67A9-440B-8885-27C44A11B273}"
EndProject
Project("{8BC9CEB8-8B4A-11D0-8D11-00A0C91BC942}") = "num5(1)", "num5\num5.vcxproj", "{4A6B9262-C60C-42BB-92C5-4CD80EB90DE3}"
EndProject
Project("{8BC9CEB8-8B4A-11D0-8D11-00A0C91BC942}") = "num5(2)", "num5(2)\num5(2).vcxproj", "{55810F30-56AA-4922-A236-74DB4B5EED34}"
EndProject
Global
	GlobalSection(SolutionConfigurationPlatforms) = preSolution
		Debug|x64 = Debug|x64
		Debug|x86 = Debug|x86
		Release|x64 = Release|x64
		Release|x86 = Release|x86
	EndGlobalSection
	GlobalSection(ProjectConfigurationPlatforms) = postSolution
		{04A12159-8D1E-46D3-B70C-DAC581F027D3}.Debug|x64.ActiveCfg = Debug|x64
		{04A12159-8D1E-46D3-B70C-DAC581F027D3}.Debug|x64.Build.0 = Debug|x64
		{04A12159-8D1E-46D3-B70C-DAC581F027D3}.Debug|x86.ActiveCfg = Debug|Win32
		{04A12159-8D1E-46D3-B70C-DAC581F027D3}.Debug|x86.Build.0 = Debug|Win32
		{04A12159-8D1E-46D3-B70C-DAC581F027D3}.Release|x64.ActiveCfg = Release|x64
		{04A12159-8D1E-46D3-B70C-DAC581F027D3}.Release|x64.Build.0 = Release|x64
		{04A12159-8D1E-46D3-B70C-DAC581F027D3}.Release|x86.ActiveCfg = Release|Win32
		{04A12159-8D1E-46D3-B70C-DAC581F027D3}.Release|x86.Build.0 = Release|Win32
		{3F0C9030-5DDE-42BB-B56A-B176712325E4}.Debug|x64.ActiveCfg = Debug|x64
		{3F0C9030-5DDE-42BB-B56A-B176712325E4}.Debug|x64.Build.0 = Debug|x64
		{3F0C9030-5DDE-42BB-B56A-B176712325E4}.Debug|x86.ActiveCfg = Debug|Win32
		{3F0C9030-5DDE-42BB-B56A-B176712325E4}.Debug|x86.Build.0 = Debug|Win32
		{3F0C9030-5DDE-42BB-B56A-B176712325E4}.Release|x64.ActiveCfg = Release|x64
		{3F0C9030-5DDE-42BB-B56A-B176712325E4}.Release|x64.Build.0 = Release|x64
		{3F0C9030-5DDE-42BB-B56A-B176712325E4}.Release|x86.ActiveCfg = Release|Win32
		{3F0C9030-5DDE-42BB-B56A-B176712325E4}.Release|x86.Build.0 = Release|Win32
		{EC36DFD0-9672-4801-AE2E-C40AE816D7D0}.Debug|x64.ActiveCfg = Debug|x64
		{EC36DFD0-9672-4801-AE2E-C40AE816D7D0}.Debug|x64.Build.0 = Debug|x64
		{EC36DFD0-9672-4801-AE2E-C40AE816D7D0}.Debug|x86.ActiveCfg = Debug|Win32
		{EC36DFD0-9672-4801-AE2E-C40AE816D7D0}.Debug|x86.Build.0 = Debug|Win32
		{EC36DFD0-9672-4801-AE2E-C40AE816D7D0}.Release|x64.ActiveCfg = Release|x64
		{EC36DFD0-9672-4801-AE2E-C40AE816D7D0}.Release|x64.Build.0 = Release|x64
		{EC36DFD0-9672-4801-AE2E-C40AE816D7D0}.Release|x86.ActiveCfg = Release|Win32
		{EC36DFD0-9672-4801-AE2E-C40AE816D7D0}.Release|x86.Build.0 = Release|Win32
		{55A4132D-0813-4A24-8656-A5EB7EA34C33}.Debug|x64.ActiveCfg = Debug|x64
		{55A4132D-0813-4A24-8656-A5EB7EA34C33}.Debug|x64.Build.0 = Debug|x64
		{55A4132D-0813-4A24-8656-A5EB7EA34C33}.Debug|x86.ActiveCfg = Debug|Win32
		{55A4132D-0813-4A24-8656-A5EB7EA34C33}.Debug|x86.Build.0 = Debug|Win32
		{55A4132D-0813-4A24-8656-A5EB7EA34C33}.Release|x64.ActiveCfg = Release|x64
		{55A4132D-0813-4A24-8656-A5EB7EA34C33}.Release|x64.Build.0 = Release|x64
		{55A4132D-0813-4A24-8656-A5EB7EA34C33}.Release|x86.ActiveCfg = Release|Win32
		{55A4132D-0813-4A24-8656-A5EB7EA34C33}.Release|x86.Build.0 = Release|Win32
		{08DEB7A9-3D83-40C9-AA52-FFEC0FF9CC2A}.Debug|x64.ActiveCfg = Debug|x64
		{08DEB7A9-3D83-40C9-AA52-FFEC0FF9CC2A}.Debug|x64.Build.0 = Debug|x64
		{08DEB7A9-3D83-40C9-AA52-FFEC0FF9CC2A}.Debug|x86.ActiveCfg = Debug|Win32
		{08DEB7A9-3D83-40C9-AA52-FFEC0FF9CC2A}.Debug|x86.Build.0 = Debug|Win32
		{08DEB7A9-3D83-40C9-AA52-FFEC0FF9CC2A}.Release|x64.ActiveCfg = Release|x64
		{08DEB7A9-3D83-40C9-AA52-FFEC0FF9CC2A}.Release|x64.Build.0 = Release|x64
		{08DEB7A9-3D83-40C9-AA52-FFEC0FF9CC2A}.Release|x86.ActiveCfg = Release|Win32
		{08DEB7A9-3D83-40C9-AA52-FFEC0FF9CC2A}.Release|x86.Build.0 = Release|Win32
		{DC303331-09AB-4D7E-8ED7-56D0B0FD52D1}.Debug|x64.ActiveCfg = Debug|x64
		{DC303331-09AB-4D7E-8ED7-56D0B0FD52D1}.Debug|x64.Build.0 = Debug|x64
		{DC303331-09AB-4D7E-8ED7-56D0B0FD52D1}.Debug|x86.ActiveCfg = Debug|Win32
		{DC303331-09AB-4D7E-8ED7-56D0B0FD52D1}.Debug|x86.Build.0 = Debug|Win32
		{DC303331-09AB-4D7E-8ED7-56D0B0FD52D1}.Release|x64.ActiveCfg = Release|x64
		{DC303331-09AB-4D7E-8ED7-56D0B0FD52D1}.Release|x64.Build.0 = Release|x64
		{DC303331-09AB-4D7E-8ED7-56D0B0FD52D1}.Release|x86.ActiveCfg = Release|Win32
		{DC303331-09AB-4D7E-8ED7-56D0B0FD52D1}.Release|x86.Build.0 = Release|Win32
		{CFF65B18-5537-4D8F-9975-08B5A3C88E46}.Debug|x64.ActiveCfg = Debug|x64
		{CFF65B18-5537-4D8F-9975-08B5A3C88E46}.Debug|x64.Build.0 = Debug|x64
		{CFF65B18-5537-4D8F-9975-08B5A3C88E46}.Debug|x86.ActiveCfg = Debug|Win32
		{CFF65B18-5537-4D8F-9975-08B5A3C88E46}.Debug|x86.Build.0 = Debug|Win32
		{CFF65B18-5537-4D8F-9975-08B5A3C88E46}.Release|x64.ActiveCfg = Release|x64
		{CFF65B18-5537-4D8F-9975-08B5A3C88E46}.Release|x64.Build.0 = Release|x64
		{CFF65B18-5537-4D8F-9975-08B5A3C88E46}.Release|x86.ActiveCfg = Release|Win32
		{CFF65B18-5537-4D8F-9975-08B5A3C88E46}.Release|x86.Build.0 = Release|Win32
		{4BA584C0-5078-46DC-B055-19EF67F7DF0E}.Debug|x64.ActiveCfg = Debug|x64
		{4BA584C0-5078-46DC-B055-19EF67F7DF0E}.Debug|x64.Build.0 = Debug|x64
		{4BA584C0-5078-46DC-B055-19EF67F7DF0E}.Debug|x86.ActiveCfg = Debug|Win32
		{4BA584C0-5078-46DC-B055-19EF67F7DF0E}.Debug|x86.Build.0 = Debug|Win32
		{4BA584C0-5078-46DC-B055-19EF67F7DF0E}.Release|x64.ActiveCfg = Release|x64
		{4BA584C0-5078-46DC-B055-19EF67F7DF0E}.Release|x64.Build.0 = Release|x64
		{4BA584C0-5078-46DC-B055-19EF67F7DF0E}.Release|x86.ActiveCfg = Release|Win32
		{4BA584C0-5078-46DC-B055-19EF67F7DF0E}.Release|x86.Build.0 = Release|Win32
		{973F5C70-09FE-4394-BA98-FF4E42E1D087}.Debug|x64.ActiveCfg = Debug|x64
		{973F5C70-09FE-4394-BA98-FF4E42E1D087}.Debug|x64.Build.0 = Debug|x64
		{973F5C70-09FE-4394-BA98-FF4E42E1D087}.Debug|x86.ActiveCfg = Debug|Win32
		{973F5C70-09FE-4394-BA98-FF4E42E1D087}.Debug|x86.Build.0 = Debug|Win32
		{973F5C70-09FE-4394-BA98-FF4E42E1D087}.Release|x64.ActiveCfg = Release|x64
		{973F5C70-09FE-4394-BA98-FF4E42E1D087}.Release|x64.Build.0 = Release|x64
		{973F5C70-09FE-4394-BA98-FF4E42E1D087}.Release|x86.ActiveCfg = Release|Win32
		{973F5C70-09FE-4394-BA98-FF4E42E1D087}.Release|x86.Build.0 = Release|Win32
		{5CD69FEF-374A-4067-A952-2BCE7426D40D}.Debug|x64.ActiveCfg = Debug|x64
		{5CD69FEF-374A-4067-A952-2BCE7426D40D}.Debug|x64.Build.0 = Debug|x64
		{5CD69FEF-374A-4067-A952-2BCE7426D40D}.Debug|x86.ActiveCfg = Debug|Win32
		{5CD69FEF-374A-4067-A952-2BCE7426D40D}.Debug|x86.Build.0 = Debug|Win32
		{5CD69FEF-374A-4067-A952-2BCE7426D40D}.Release|x64.ActiveCfg = Release|x64
		{5CD69FEF-374A-4067-A952-2BCE7426D40D}.Release|x64.Build.0 = Release|x64
		{5CD69FEF-374A-4067-A952-2BCE7426D40D}.Release|x86.ActiveCfg = Release|Win32
		{5CD69FEF-374A-4067-A952-2BCE7426D40D}.Release|x86.Build.0 = Release|Win32
		{F0BE24AB-67A9-440B-8885-27C44A11B273}.Debug|x64.ActiveCfg = Debug|x64
		{F0BE24AB-67A9-440B-8885-27C44A11B273}.Debug|x64.Build.0 = Debug|x64
		{F0BE24AB-67A9-440B-8885-27C44A11B273}.Debug|x86.ActiveCfg = Debug|Win32
		{F0BE24AB-67A9-440B-8885-27C44A11B273}.Debug|x86.Build.0 = Debug|Win32
		{F0BE24AB-67A9-440B-8885-27C44A11B273}.Release|x64.ActiveCfg = Release|x64
		{F0BE24AB-67A9-440B-8885-27C44A11B273}.Release|x64.Build.0 = Release|x64
		{F0BE24AB-67A9-440B-8885-27C44A11B273}.Release|x86.ActiveCfg = Release|Win32
		{F0BE24AB-67A9-440B-8885-27C44A11B273}.Release|x86.Build.0 = Release|Win32
		{4A6B9262-C60C-42BB-92C5-4CD80EB90DE3}.Debug|x64.ActiveCfg = Debug|x64
		{4A6B9262-C60C-42BB-92C5-4CD80EB90DE3}.Debug|x64.Build.0 = Debug|x64
		{4A6B9262-C60C-42BB-92C5-4CD80EB90DE3}.Debug|x86.ActiveCfg = Debug|Win32
		{4A6B9262-C60C-42BB-92C5-4CD80EB90DE3}.Debug|x86.Build.0 = Debug|Win32
		{4A6B9262-C60C-42BB-92C5-4CD80EB90DE3}.Release|x64.ActiveCfg = Release|x64
		{4A6B9262-C60C-42BB-92C5-4CD80EB90DE3}.Release|x64.Build.0 = Release|x64
		{4A6B9262-C60C-42BB-92C5-4CD80EB90DE3}.Release|x86.ActiveCfg = Release|Win32
		{4A6B9262-C60C-42BB-92C5-4CD80EB90DE3}.Release|x86.Build.0 = Release|Win32
		{55810F30-56AA-4922-A236-74DB4B5EED34}.Debug|x64.ActiveCfg = Debug|x64
		{55810F30-56AA-4922-A236-74DB4B5EED34}.Debug|x64.Build.0 = Debug|x64
		{55810F30-56AA-4922-A236-74DB4B5EED34}.Debug|x86.ActiveCfg = Debug|Win32
		{55810F30-56AA-4922-A236-74DB4B5EED34}.Debug|x86.Build.0 = Debug|Win32
		{55810F30-56AA-4922-A236-74DB4B5EED34}.Release|x64.ActiveCfg = Release|x64
		{55810F30-56AA-4922-A236-74DB4B5EED34}.Release|x64.Build.0 = Release|x64
		{55810F30-56AA-4922-A236-74DB4B5EED34}.Release|x86.ActiveCfg = Release|Win32
		{55810F30-56AA-4922-A236-74DB4B5EED34}.Release|x86.Build.0 = Release|Win32
	EndGlobalSection
	GlobalSection(SolutionProperties) = preSolution
		HideSolutionNode = FALSE
	EndGlobalSection
	GlobalSection(ExtensibilityGlobals) = postSolution
		SolutionGuid = {C9C5DD8B-A700-4351-8B1A-FEFB73A7AFEF}
	EndGlobalSection
EndGlobal
